
Microsoft Visual Studio Solution File, Format Version 12.00
# Visual Studio Version 17
VisualStudioVersion = 17.5.33530.505
MinimumVisualStudioVersion = 10.0.40219.1
Project("{9A19103F-16F7-4668-BE54-9A1E7A4F7556}") = "Air3550", "Air3550\Air3550.csproj", "{688DA2CC-184E-43FA-B686-638813784847}"
EndProject
Global
	GlobalSection(SolutionConfigurationPlatforms) = preSolution
		Debug|Any CPU = Debug|Any CPU
		Debug|x86 = Debug|x86
		Release|Any CPU = Release|Any CPU
		Release|x86 = Release|x86
	EndGlobalSection
	GlobalSection(ProjectConfigurationPlatforms) = postSolution
		{688DA2CC-184E-43FA-B686-638813784847}.Debug|Any CPU.ActiveCfg = Debug|Any CPU
		{688DA2CC-184E-43FA-B686-638813784847}.Debug|Any CPU.Build.0 = Debug|Any CPU
		{688DA2CC-184E-43FA-B686-638813784847}.Debug|x86.ActiveCfg = Debug|x86
		{688DA2CC-184E-43FA-B686-638813784847}.Debug|x86.Build.0 = Debug|x86
		{688DA2CC-184E-43FA-B686-638813784847}.Release|Any CPU.ActiveCfg = Release|Any CPU
		{688DA2CC-184E-43FA-B686-638813784847}.Release|Any CPU.Build.0 = Release|Any CPU
		{688DA2CC-184E-43FA-B686-638813784847}.Release|x86.ActiveCfg = Release|x86
		{688DA2CC-184E-43FA-B686-638813784847}.Release|x86.Build.0 = Release|x86
	EndGlobalSection
	GlobalSection(SolutionProperties) = preSolution
		HideSolutionNode = FALSE
	EndGlobalSection
	GlobalSection(ExtensibilityGlobals) = postSolution
		SolutionGuid = {B55C85EB-7BF3-4F27-A83C-05B9988D8264}
	EndGlobalSection
EndGlobal
